
Microsoft Visual Studio Solution File, Format Version 11.00
# Visual Studio 2010
Project("{FAE04EC0-301F-11D3-BF4B-00C04F79EFBC}") = "Intermech.Compass3D.Integrator", "Intermech.Compass3D.Integrator.csproj", "{1EEBF609-0FD1-4E2E-8900-611570BAFCDD}"
EndProject
Global
	GlobalSection(SolutionConfigurationPlatforms) = preSolution
		Debug|Any CPU = Debug|Any CPU
		Release|Any CPU = Release|Any CPU
	EndGlobalSection
	GlobalSection(ProjectConfigurationPlatforms) = postSolution
		{1EEBF609-0FD1-4E2E-8900-611570BAFCDD}.Debug|Any CPU.ActiveCfg = Debug|Any CPU
		{1EEBF609-0FD1-4E2E-8900-611570BAFCDD}.Debug|Any CPU.Build.0 = Debug|Any CPU
		{1EEBF609-0FD1-4E2E-8900-611570BAFCDD}.Release|Any CPU.ActiveCfg = Release|Any CPU
		{1EEBF609-0FD1-4E2E-8900-611570BAFCDD}.Release|Any CPU.Build.0 = Release|Any CPU
	EndGlobalSection
	GlobalSection(SolutionProperties) = preSolution
		HideSolutionNode = FALSE
	EndGlobalSection
EndGlobal
