
Microsoft Visual Studio Solution File, Format Version 11.00
# Visual Studio 2010
Project("{FAE04EC0-301F-11D3-BF4B-00C04F79EFBC}") = "Intermech.Extensions.Workflow", "Intermech.Extensions.Workflow.csproj", "{592F4A11-A12D-4961-B9D4-6972EEA99ABB}"
EndProject
Global
	GlobalSection(SolutionConfigurationPlatforms) = preSolution
		Debug|Any CPU = Debug|Any CPU
		Release|Any CPU = Release|Any CPU
	EndGlobalSection
	GlobalSection(ProjectConfigurationPlatforms) = postSolution
		{592F4A11-A12D-4961-B9D4-6972EEA99ABB}.Debug|Any CPU.ActiveCfg = Debug|Any CPU
		{592F4A11-A12D-4961-B9D4-6972EEA99ABB}.Debug|Any CPU.Build.0 = Debug|Any CPU
		{592F4A11-A12D-4961-B9D4-6972EEA99ABB}.Release|Any CPU.ActiveCfg = Release|Any CPU
		{592F4A11-A12D-4961-B9D4-6972EEA99ABB}.Release|Any CPU.Build.0 = Release|Any CPU
	EndGlobalSection
	GlobalSection(SolutionProperties) = preSolution
		HideSolutionNode = FALSE
	EndGlobalSection
EndGlobal
