
Microsoft Visual Studio Solution File, Format Version 11.00
# Visual Studio 2010
Project("{FAE04EC0-301F-11D3-BF4B-00C04F79EFBC}") = "Intermech.AVS.Server", "Intermech.AVS.Server.csproj", "{38B390FF-3E4B-48D7-B460-36640E136AEE}"
EndProject
Global
	GlobalSection(SolutionConfigurationPlatforms) = preSolution
		Debug|Any CPU = Debug|Any CPU
		Release|Any CPU = Release|Any CPU
	EndGlobalSection
	GlobalSection(ProjectConfigurationPlatforms) = postSolution
		{38B390FF-3E4B-48D7-B460-36640E136AEE}.Debug|Any CPU.ActiveCfg = Debug|Any CPU
		{38B390FF-3E4B-48D7-B460-36640E136AEE}.Debug|Any CPU.Build.0 = Debug|Any CPU
		{38B390FF-3E4B-48D7-B460-36640E136AEE}.Release|Any CPU.ActiveCfg = Release|Any CPU
		{38B390FF-3E4B-48D7-B460-36640E136AEE}.Release|Any CPU.Build.0 = Release|Any CPU
	EndGlobalSection
	GlobalSection(SolutionProperties) = preSolution
		HideSolutionNode = FALSE
	EndGlobalSection
EndGlobal
