
Microsoft Visual Studio Solution File, Format Version 11.00
# Visual Studio 2010
Project("{FAE04EC0-301F-11D3-BF4B-00C04F79EFBC}") = "Intermech.Interfaces.Document", "Intermech.Interfaces.Document.csproj", "{AF224B72-CC65-459E-91F2-DDBE78CE0F11}"
EndProject
Global
	GlobalSection(SolutionConfigurationPlatforms) = preSolution
		Debug|Any CPU = Debug|Any CPU
		Release|Any CPU = Release|Any CPU
	EndGlobalSection
	GlobalSection(ProjectConfigurationPlatforms) = postSolution
		{AF224B72-CC65-459E-91F2-DDBE78CE0F11}.Debug|Any CPU.ActiveCfg = Debug|Any CPU
		{AF224B72-CC65-459E-91F2-DDBE78CE0F11}.Debug|Any CPU.Build.0 = Debug|Any CPU
		{AF224B72-CC65-459E-91F2-DDBE78CE0F11}.Release|Any CPU.ActiveCfg = Release|Any CPU
		{AF224B72-CC65-459E-91F2-DDBE78CE0F11}.Release|Any CPU.Build.0 = Release|Any CPU
	EndGlobalSection
	GlobalSection(SolutionProperties) = preSolution
		HideSolutionNode = FALSE
	EndGlobalSection
EndGlobal
