
Microsoft Visual Studio Solution File, Format Version 11.00
# Visual Studio 2010
Project("{FAE04EC0-301F-11D3-BF4B-00C04F79EFBC}") = "Intermech.Office.Server", "Intermech.Office.Server.csproj", "{5D4034A6-1796-4F65-8EF7-4439DA73F438}"
EndProject
Global
	GlobalSection(SolutionConfigurationPlatforms) = preSolution
		Debug|Any CPU = Debug|Any CPU
		Release|Any CPU = Release|Any CPU
	EndGlobalSection
	GlobalSection(ProjectConfigurationPlatforms) = postSolution
		{5D4034A6-1796-4F65-8EF7-4439DA73F438}.Debug|Any CPU.ActiveCfg = Debug|Any CPU
		{5D4034A6-1796-4F65-8EF7-4439DA73F438}.Debug|Any CPU.Build.0 = Debug|Any CPU
		{5D4034A6-1796-4F65-8EF7-4439DA73F438}.Release|Any CPU.ActiveCfg = Release|Any CPU
		{5D4034A6-1796-4F65-8EF7-4439DA73F438}.Release|Any CPU.Build.0 = Release|Any CPU
	EndGlobalSection
	GlobalSection(SolutionProperties) = preSolution
		HideSolutionNode = FALSE
	EndGlobalSection
EndGlobal
