
Microsoft Visual Studio Solution File, Format Version 9.00
# Visual Studio 2005
Project("{FAE04EC0-301F-11D3-BF4B-00C04F79EFBC}") = "Interop.CADInterface", "Interop.CADInterface.csproj", "{2BB5A21B-08B1-4AEA-8F25-87B9A5051598}"
EndProject
Global
	GlobalSection(SolutionConfigurationPlatforms) = preSolution
		Debug|Any CPU = Debug|Any CPU
		Release|Any CPU = Release|Any CPU
	EndGlobalSection
	GlobalSection(ProjectConfigurationPlatforms) = postSolution
		{2BB5A21B-08B1-4AEA-8F25-87B9A5051598}.Debug|Any CPU.ActiveCfg = Debug|Any CPU
		{2BB5A21B-08B1-4AEA-8F25-87B9A5051598}.Debug|Any CPU.Build.0 = Debug|Any CPU
		{2BB5A21B-08B1-4AEA-8F25-87B9A5051598}.Release|Any CPU.ActiveCfg = Release|Any CPU
		{2BB5A21B-08B1-4AEA-8F25-87B9A5051598}.Release|Any CPU.Build.0 = Release|Any CPU
	EndGlobalSection
	GlobalSection(SolutionProperties) = preSolution
		HideSolutionNode = FALSE
	EndGlobalSection
EndGlobal
