
Microsoft Visual Studio Solution File, Format Version 11.00
# Visual Studio 2010
Project("{FAE04EC0-301F-11D3-BF4B-00C04F79EFBC}") = "Intermech.TechCard.Document.Client", "Intermech.TechCard.Document.Client.csproj", "{30E2E8BE-0BCB-4D9D-811E-9DBCED6C56DA}"
EndProject
Global
	GlobalSection(SolutionConfigurationPlatforms) = preSolution
		Debug|Any CPU = Debug|Any CPU
		Release|Any CPU = Release|Any CPU
	EndGlobalSection
	GlobalSection(ProjectConfigurationPlatforms) = postSolution
		{30E2E8BE-0BCB-4D9D-811E-9DBCED6C56DA}.Debug|Any CPU.ActiveCfg = Debug|Any CPU
		{30E2E8BE-0BCB-4D9D-811E-9DBCED6C56DA}.Debug|Any CPU.Build.0 = Debug|Any CPU
		{30E2E8BE-0BCB-4D9D-811E-9DBCED6C56DA}.Release|Any CPU.ActiveCfg = Release|Any CPU
		{30E2E8BE-0BCB-4D9D-811E-9DBCED6C56DA}.Release|Any CPU.Build.0 = Release|Any CPU
	EndGlobalSection
	GlobalSection(SolutionProperties) = preSolution
		HideSolutionNode = FALSE
	EndGlobalSection
EndGlobal
