Microsoft Visual Studio Solution File, Format Version 12.00
# Visual Studio Version 18
VisualStudioVersion = 18.9.12105.275
MinimumVisualStudioVersion = 10.0.40219.1
Project("{FAE04EC0-301F-11D3-BF4B-00C04F79EFBC}") = "IMClient", "IMClient.csproj", "{A1468F78-83AB-4989-971F-1DBE07E05CD5}"
EndProject
Project("{FAE04EC0-301F-11D3-BF4B-00C04F79EFBC}") = "Intermech.Bars", "..\Intermech.Bars\Intermech.Bars.csproj", "{9430170D-56B1-461E-806E-8AD3CB5A3EB4}"
EndProject
Project("{FAE04EC0-301F-11D3-BF4B-00C04F79EFBC}") = "Intermech.Bcl", "..\Intermech.Bcl\Intermech.Bcl.csproj", "{5EA6618C-7C68-4D72-B50F-5F7B40F0F690}"
EndProject
Project("{FAE04EC0-301F-11D3-BF4B-00C04F79EFBC}") = "Intermech.Client.Core", "..\Intermech.Client.Core\Intermech.Client.Core.csproj", "{5EFB0783-4924-4305-87EE-CC8C78EC5A43}"
EndProject
Project("{FAE04EC0-301F-11D3-BF4B-00C04F79EFBC}") = "Intermech.Bcl.Wpf", "..\Intermech.Bcl.Wpf\Intermech.Bcl.Wpf.csproj", "{EB23AC97-79E5-4E33-92F7-32E87B55A64D}"
EndProject
Project("{FAE04EC0-301F-11D3-BF4B-00C04F79EFBC}") = "Intermech.Calendars.Editor", "..\Intermech.Calendars.Editor\Intermech.Calendars.Editor.csproj", "{30700EB4-27CF-41F0-AE6E-7EDE56573A17}"
EndProject
Project("{FAE04EC0-301F-11D3-BF4B-00C04F79EFBC}") = "Intermech.Interfaces", "..\Intermech.Interfaces\Intermech.Interfaces.csproj", "{1176ECE5-5C7B-456C-B9F6-622E89184EA3}"
EndProject
Project("{FAE04EC0-301F-11D3-BF4B-00C04F79EFBC}") = "Intermech.Client.Base", "..\Intermech.Client.Base\Intermech.Client.Base.csproj", "{107A0AA4-A9F9-4476-BD10-EDF6A13ACF10}"
EndProject
Project("{FAE04EC0-301F-11D3-BF4B-00C04F79EFBC}") = "Intermech.Controls", "..\Intermech.Controls\Intermech.Controls.csproj", "{474705CA-FDC6-43AC-B586-8CC03468BC4D}"
EndProject
Project("{FAE04EC0-301F-11D3-BF4B-00C04F79EFBC}") = "Intermech.Docking", "..\Intermech.Docking\Intermech.Docking.csproj", "{676C9EA3-A6C3-400D-8D5E-F63809158D99}"
EndProject
Project("{FAE04EC0-301F-11D3-BF4B-00C04F79EFBC}") = "Intermech.Interfaces.Client", "..\Intermech.Interfaces.Client\Intermech.Interfaces.Client.csproj", "{FD6C9C99-1C05-4A29-9EDB-454D4DC67E09}"
EndProject
Project("{FAE04EC0-301F-11D3-BF4B-00C04F79EFBC}") = "Intermech.Map2", "..\Intermech.Map2\Intermech.Map2.csproj", "{6891BF4F-5589-446D-BCEE-90C7F329CA40}"
EndProject
Project("{FAE04EC0-301F-11D3-BF4B-00C04F79EFBC}") = "IPSAutoUpdater.Interfaces", "..\IPSAutoUpdater.Interfaces\IPSAutoUpdater.Interfaces.csproj", "{09C8CA40-27E9-4004-8817-D9AD73258A80}"
EndProject
Global
	GlobalSection(SolutionConfigurationPlatforms) = preSolution
		Debug|Any CPU = Debug|Any CPU
		Release|Any CPU = Release|Any CPU
	EndGlobalSection
	GlobalSection(ProjectConfigurationPlatforms) = postSolution
		{A1468F78-83AB-4989-971F-1DBE07E05CD5}.Debug|Any CPU.ActiveCfg = Debug|Any CPU
		{A1468F78-83AB-4989-971F-1DBE07E05CD5}.Debug|Any CPU.Build.0 = Debug|Any CPU
		{A1468F78-83AB-4989-971F-1DBE07E05CD5}.Release|Any CPU.ActiveCfg = Release|Any CPU
		{A1468F78-83AB-4989-971F-1DBE07E05CD5}.Release|Any CPU.Build.0 = Release|Any CPU
		{9430170D-56B1-461E-806E-8AD3CB5A3EB4}.Debug|Any CPU.ActiveCfg = Debug|Any CPU
		{9430170D-56B1-461E-806E-8AD3CB5A3EB4}.Debug|Any CPU.Build.0 = Debug|Any CPU
		{9430170D-56B1-461E-806E-8AD3CB5A3EB4}.Release|Any CPU.ActiveCfg = Release|Any CPU
		{9430170D-56B1-461E-806E-8AD3CB5A3EB4}.Release|Any CPU.Build.0 = Release|Any CPU
		{5EA6618C-7C68-4D72-B50F-5F7B40F0F690}.Debug|Any CPU.ActiveCfg = Debug|Any CPU
		{5EA6618C-7C68-4D72-B50F-5F7B40F0F690}.Debug|Any CPU.Build.0 = Debug|Any CPU
		{5EA6618C-7C68-4D72-B50F-5F7B40F0F690}.Release|Any CPU.ActiveCfg = Release|Any CPU
		{5EA6618C-7C68-4D72-B50F-5F7B40F0F690}.Release|Any CPU.Build.0 = Release|Any CPU
		{5EFB0783-4924-4305-87EE-CC8C78EC5A43}.Debug|Any CPU.ActiveCfg = Debug|Any CPU
		{5EFB0783-4924-4305-87EE-CC8C78EC5A43}.Debug|Any CPU.Build.0 = Debug|Any CPU
		{5EFB0783-4924-4305-87EE-CC8C78EC5A43}.Release|Any CPU.ActiveCfg = Release|Any CPU
		{5EFB0783-4924-4305-87EE-CC8C78EC5A43}.Release|Any CPU.Build.0 = Release|Any CPU
		{EB23AC97-79E5-4E33-92F7-32E87B55A64D}.Debug|Any CPU.ActiveCfg = Debug|Any CPU
		{EB23AC97-79E5-4E33-92F7-32E87B55A64D}.Debug|Any CPU.Build.0 = Debug|Any CPU
		{EB23AC97-79E5-4E33-92F7-32E87B55A64D}.Release|Any CPU.ActiveCfg = Release|Any CPU
		{EB23AC97-79E5-4E33-92F7-32E87B55A64D}.Release|Any CPU.Build.0 = Release|Any CPU
		{30700EB4-27CF-41F0-AE6E-7EDE56573A17}.Debug|Any CPU.ActiveCfg = Debug|Any CPU
		{30700EB4-27CF-41F0-AE6E-7EDE56573A17}.Debug|Any CPU.Build.0 = Debug|Any CPU
		{30700EB4-27CF-41F0-AE6E-7EDE56573A17}.Release|Any CPU.ActiveCfg = Release|Any CPU
		{30700EB4-27CF-41F0-AE6E-7EDE56573A17}.Release|Any CPU.Build.0 = Release|Any CPU
		{1176ECE5-5C7B-456C-B9F6-622E89184EA3}.Debug|Any CPU.ActiveCfg = Debug|Any CPU
		{1176ECE5-5C7B-456C-B9F6-622E89184EA3}.Debug|Any CPU.Build.0 = Debug|Any CPU
		{1176ECE5-5C7B-456C-B9F6-622E89184EA3}.Release|Any CPU.ActiveCfg = Release|Any CPU
		{1176ECE5-5C7B-456C-B9F6-622E89184EA3}.Release|Any CPU.Build.0 = Release|Any CPU
		{107A0AA4-A9F9-4476-BD10-EDF6A13ACF10}.Debug|Any CPU.ActiveCfg = Debug|Any CPU
		{107A0AA4-A9F9-4476-BD10-EDF6A13ACF10}.Debug|Any CPU.Build.0 = Debug|Any CPU
		{107A0AA4-A9F9-4476-BD10-EDF6A13ACF10}.Release|Any CPU.ActiveCfg = Release|Any CPU
		{107A0AA4-A9F9-4476-BD10-EDF6A13ACF10}.Release|Any CPU.Build.0 = Release|Any CPU
		{474705CA-FDC6-43AC-B586-8CC03468BC4D}.Debug|Any CPU.ActiveCfg = Debug|Any CPU
		{474705CA-FDC6-43AC-B586-8CC03468BC4D}.Debug|Any CPU.Build.0 = Debug|Any CPU
		{474705CA-FDC6-43AC-B586-8CC03468BC4D}.Release|Any CPU.ActiveCfg = Release|Any CPU
		{474705CA-FDC6-43AC-B586-8CC03468BC4D}.Release|Any CPU.Build.0 = Release|Any CPU
		{676C9EA3-A6C3-400D-8D5E-F63809158D99}.Debug|Any CPU.ActiveCfg = Debug|Any CPU
		{676C9EA3-A6C3-400D-8D5E-F63809158D99}.Debug|Any CPU.Build.0 = Debug|Any CPU
		{676C9EA3-A6C3-400D-8D5E-F63809158D99}.Release|Any CPU.ActiveCfg = Release|Any CPU
		{676C9EA3-A6C3-400D-8D5E-F63809158D99}.Release|Any CPU.Build.0 = Release|Any CPU
		{FD6C9C99-1C05-4A29-9EDB-454D4DC67E09}.Debug|Any CPU.ActiveCfg = Debug|Any CPU
		{FD6C9C99-1C05-4A29-9EDB-454D4DC67E09}.Debug|Any CPU.Build.0 = Debug|Any CPU
		{FD6C9C99-1C05-4A29-9EDB-454D4DC67E09}.Release|Any CPU.ActiveCfg = Release|Any CPU
		{FD6C9C99-1C05-4A29-9EDB-454D4DC67E09}.Release|Any CPU.Build.0 = Release|Any CPU
		{6891BF4F-5589-446D-BCEE-90C7F329CA40}.Debug|Any CPU.ActiveCfg = Debug|Any CPU
		{6891BF4F-5589-446D-BCEE-90C7F329CA40}.Debug|Any CPU.Build.0 = Debug|Any CPU
		{6891BF4F-5589-446D-BCEE-90C7F329CA40}.Release|Any CPU.ActiveCfg = Release|Any CPU
		{6891BF4F-5589-446D-BCEE-90C7F329CA40}.Release|Any CPU.Build.0 = Release|Any CPU
		{09C8CA40-27E9-4004-8817-D9AD73258A80}.Debug|Any CPU.ActiveCfg = Debug|Any CPU
		{09C8CA40-27E9-4004-8817-D9AD73258A80}.Debug|Any CPU.Build.0 = Debug|Any CPU
		{09C8CA40-27E9-4004-8817-D9AD73258A80}.Release|Any CPU.ActiveCfg = Release|Any CPU
		{09C8CA40-27E9-4004-8817-D9AD73258A80}.Release|Any CPU.Build.0 = Release|Any CPU
	EndGlobalSection
	GlobalSection(SolutionProperties) = preSolution
		HideSolutionNode = FALSE
	EndGlobalSection
	GlobalSection(ExtensibilityGlobals) = postSolution
		SolutionGuid = {97A1E804-9281-498F-908C-FE6618C708F8}
	EndGlobalSection
EndGlobal
