
Microsoft Visual Studio Solution File, Format Version 11.00
# Visual Studio 2010
Project("{FAE04EC0-301F-11D3-BF4B-00C04F79EFBC}") = "Intermech.Interfaces.Imbase", "Intermech.Interfaces.Imbase.csproj", "{C39F2FE6-BB7A-4E60-96C2-0D19F92AAFB9}"
EndProject
Global
	GlobalSection(SolutionConfigurationPlatforms) = preSolution
		Debug|Any CPU = Debug|Any CPU
		Release|Any CPU = Release|Any CPU
	EndGlobalSection
	GlobalSection(ProjectConfigurationPlatforms) = postSolution
		{C39F2FE6-BB7A-4E60-96C2-0D19F92AAFB9}.Debug|Any CPU.ActiveCfg = Debug|Any CPU
		{C39F2FE6-BB7A-4E60-96C2-0D19F92AAFB9}.Debug|Any CPU.Build.0 = Debug|Any CPU
		{C39F2FE6-BB7A-4E60-96C2-0D19F92AAFB9}.Release|Any CPU.ActiveCfg = Release|Any CPU
		{C39F2FE6-BB7A-4E60-96C2-0D19F92AAFB9}.Release|Any CPU.Build.0 = Release|Any CPU
	EndGlobalSection
	GlobalSection(SolutionProperties) = preSolution
		HideSolutionNode = FALSE
	EndGlobalSection
EndGlobal
