Microsoft Visual Studio Solution File, Format Version 12.00
# Visual Studio Version 18
VisualStudioVersion = 18.9.12105.275 stable
MinimumVisualStudioVersion = 10.0.40219.1
Project("{FAE04EC0-301F-11D3-BF4B-00C04F79EFBC}") = "PdfPrintCenter", "PdfPrintCenter.csproj", "{BA0F2431-F1EE-4335-A6A0-0EB09773BF61}"
EndProject
Project("{FAE04EC0-301F-11D3-BF4B-00C04F79EFBC}") = "Intermech.PdfPrintCenter.Connector", "..\Intermech.PdfPrintCenter.Connector\Intermech.PdfPrintCenter.Connector.csproj", "{93BCCDAF-B06C-4EB9-98DE-923F10A81450}"
EndProject
Global
	GlobalSection(SolutionConfigurationPlatforms) = preSolution
		Debug|Any CPU = Debug|Any CPU
		Release|Any CPU = Release|Any CPU
	EndGlobalSection
	GlobalSection(ProjectConfigurationPlatforms) = postSolution
		{BA0F2431-F1EE-4335-A6A0-0EB09773BF61}.Debug|Any CPU.ActiveCfg = Debug|Any CPU
		{BA0F2431-F1EE-4335-A6A0-0EB09773BF61}.Debug|Any CPU.Build.0 = Debug|Any CPU
		{BA0F2431-F1EE-4335-A6A0-0EB09773BF61}.Release|Any CPU.ActiveCfg = Release|Any CPU
		{BA0F2431-F1EE-4335-A6A0-0EB09773BF61}.Release|Any CPU.Build.0 = Release|Any CPU
		{93BCCDAF-B06C-4EB9-98DE-923F10A81450}.Debug|Any CPU.ActiveCfg = Debug|Any CPU
		{93BCCDAF-B06C-4EB9-98DE-923F10A81450}.Debug|Any CPU.Build.0 = Debug|Any CPU
		{93BCCDAF-B06C-4EB9-98DE-923F10A81450}.Release|Any CPU.ActiveCfg = Release|Any CPU
		{93BCCDAF-B06C-4EB9-98DE-923F10A81450}.Release|Any CPU.Build.0 = Release|Any CPU
	EndGlobalSection
	GlobalSection(SolutionProperties) = preSolution
		HideSolutionNode = FALSE
	EndGlobalSection
	GlobalSection(ExtensibilityGlobals) = postSolution
		SolutionGuid = {09A3E737-2E4F-44C2-AA21-974B372BD4B1}
	EndGlobalSection
EndGlobal
