
Microsoft Visual Studio Solution File, Format Version 10.00
# Visual Studio 2008
Project("{FAE04EC0-301F-11D3-BF4B-00C04F79EFBC}") = "Interop.Cadmech", "Interop.Cadmech.csproj", "{A1877327-7570-4C85-8117-A6C0E3489BBA}"
EndProject
Global
	GlobalSection(SolutionConfigurationPlatforms) = preSolution
		Debug|Any CPU = Debug|Any CPU
		Release|Any CPU = Release|Any CPU
	EndGlobalSection
	GlobalSection(ProjectConfigurationPlatforms) = postSolution
		{A1877327-7570-4C85-8117-A6C0E3489BBA}.Debug|Any CPU.ActiveCfg = Debug|Any CPU
		{A1877327-7570-4C85-8117-A6C0E3489BBA}.Debug|Any CPU.Build.0 = Debug|Any CPU
		{A1877327-7570-4C85-8117-A6C0E3489BBA}.Release|Any CPU.ActiveCfg = Release|Any CPU
		{A1877327-7570-4C85-8117-A6C0E3489BBA}.Release|Any CPU.Build.0 = Release|Any CPU
	EndGlobalSection
	GlobalSection(SolutionProperties) = preSolution
		HideSolutionNode = FALSE
	EndGlobalSection
EndGlobal
