
Microsoft Visual Studio Solution File, Format Version 11.00
# Visual Studio 2010
Project("{FAE04EC0-301F-11D3-BF4B-00C04F79EFBC}") = "Intermech.Interfaces.Server", "Intermech.Interfaces.Server.csproj", "{C6F0E895-4C95-4E7E-9F4F-B73249DFF68D}"
EndProject
Global
	GlobalSection(SolutionConfigurationPlatforms) = preSolution
		Debug|Any CPU = Debug|Any CPU
		Release|Any CPU = Release|Any CPU
	EndGlobalSection
	GlobalSection(ProjectConfigurationPlatforms) = postSolution
		{C6F0E895-4C95-4E7E-9F4F-B73249DFF68D}.Debug|Any CPU.ActiveCfg = Debug|Any CPU
		{C6F0E895-4C95-4E7E-9F4F-B73249DFF68D}.Debug|Any CPU.Build.0 = Debug|Any CPU
		{C6F0E895-4C95-4E7E-9F4F-B73249DFF68D}.Release|Any CPU.ActiveCfg = Release|Any CPU
		{C6F0E895-4C95-4E7E-9F4F-B73249DFF68D}.Release|Any CPU.Build.0 = Release|Any CPU
	EndGlobalSection
	GlobalSection(SolutionProperties) = preSolution
		HideSolutionNode = FALSE
	EndGlobalSection
EndGlobal
