
Microsoft Visual Studio Solution File, Format Version 11.00
# Visual Studio 2010
Project("{FAE04EC0-301F-11D3-BF4B-00C04F79EFBC}") = "Intermech.Cadmech.Integrator", "Intermech.Cadmech.Integrator.csproj", "{D22F3B14-B046-4C30-A846-19EB54DCEFE4}"
EndProject
Global
	GlobalSection(SolutionConfigurationPlatforms) = preSolution
		Debug|Any CPU = Debug|Any CPU
		Release|Any CPU = Release|Any CPU
	EndGlobalSection
	GlobalSection(ProjectConfigurationPlatforms) = postSolution
		{D22F3B14-B046-4C30-A846-19EB54DCEFE4}.Debug|Any CPU.ActiveCfg = Debug|Any CPU
		{D22F3B14-B046-4C30-A846-19EB54DCEFE4}.Debug|Any CPU.Build.0 = Debug|Any CPU
		{D22F3B14-B046-4C30-A846-19EB54DCEFE4}.Release|Any CPU.ActiveCfg = Release|Any CPU
		{D22F3B14-B046-4C30-A846-19EB54DCEFE4}.Release|Any CPU.Build.0 = Release|Any CPU
	EndGlobalSection
	GlobalSection(SolutionProperties) = preSolution
		HideSolutionNode = FALSE
	EndGlobalSection
EndGlobal
