
Microsoft Visual Studio Solution File, Format Version 11.00
# Visual Studio 2010
Project("{FAE04EC0-301F-11D3-BF4B-00C04F79EFBC}") = "Intermech.DBClean.Client", "Intermech.DBClean.Client.csproj", "{55936102-22AC-4876-B19B-DD0C0DA3BBBD}"
EndProject
Global
	GlobalSection(SolutionConfigurationPlatforms) = preSolution
		Debug|Any CPU = Debug|Any CPU
		Release|Any CPU = Release|Any CPU
	EndGlobalSection
	GlobalSection(ProjectConfigurationPlatforms) = postSolution
		{55936102-22AC-4876-B19B-DD0C0DA3BBBD}.Debug|Any CPU.ActiveCfg = Debug|Any CPU
		{55936102-22AC-4876-B19B-DD0C0DA3BBBD}.Debug|Any CPU.Build.0 = Debug|Any CPU
		{55936102-22AC-4876-B19B-DD0C0DA3BBBD}.Release|Any CPU.ActiveCfg = Release|Any CPU
		{55936102-22AC-4876-B19B-DD0C0DA3BBBD}.Release|Any CPU.Build.0 = Release|Any CPU
	EndGlobalSection
	GlobalSection(SolutionProperties) = preSolution
		HideSolutionNode = FALSE
	EndGlobalSection
EndGlobal
