Microsoft Visual Studio Solution File, Format Version 12.00
# Visual Studio Version 18
VisualStudioVersion = 18.9.12105.275
MinimumVisualStudioVersion = 10.0.40219.1
Project("{FAE04EC0-301F-11D3-BF4B-00C04F79EFBC}") = "Intermech.Interfaces", "Intermech.Interfaces.csproj", "{1176ECE5-5C7B-456C-B9F6-622E89184EA3}"
EndProject
Project("{FAE04EC0-301F-11D3-BF4B-00C04F79EFBC}") = "Intermech.Bcl", "..\Intermech.Bcl\Intermech.Bcl.csproj", "{5EA6618C-7C68-4D72-B50F-5F7B40F0F690}"
EndProject
Project("{FAE04EC0-301F-11D3-BF4B-00C04F79EFBC}") = "Intermech.Pdf", "..\Intermech.Pdf\Intermech.Pdf.csproj", "{7181F380-7009-465B-971D-285663A7ED6E}"
EndProject
Global
	GlobalSection(SolutionConfigurationPlatforms) = preSolution
		Debug|Any CPU = Debug|Any CPU
		Release|Any CPU = Release|Any CPU
	EndGlobalSection
	GlobalSection(ProjectConfigurationPlatforms) = postSolution
		{1176ECE5-5C7B-456C-B9F6-622E89184EA3}.Debug|Any CPU.ActiveCfg = Debug|Any CPU
		{1176ECE5-5C7B-456C-B9F6-622E89184EA3}.Debug|Any CPU.Build.0 = Debug|Any CPU
		{1176ECE5-5C7B-456C-B9F6-622E89184EA3}.Release|Any CPU.ActiveCfg = Release|Any CPU
		{1176ECE5-5C7B-456C-B9F6-622E89184EA3}.Release|Any CPU.Build.0 = Release|Any CPU
		{5EA6618C-7C68-4D72-B50F-5F7B40F0F690}.Debug|Any CPU.ActiveCfg = Debug|Any CPU
		{5EA6618C-7C68-4D72-B50F-5F7B40F0F690}.Debug|Any CPU.Build.0 = Debug|Any CPU
		{5EA6618C-7C68-4D72-B50F-5F7B40F0F690}.Release|Any CPU.ActiveCfg = Release|Any CPU
		{5EA6618C-7C68-4D72-B50F-5F7B40F0F690}.Release|Any CPU.Build.0 = Release|Any CPU
		{7181F380-7009-465B-971D-285663A7ED6E}.Debug|Any CPU.ActiveCfg = Debug|Any CPU
		{7181F380-7009-465B-971D-285663A7ED6E}.Debug|Any CPU.Build.0 = Debug|Any CPU
		{7181F380-7009-465B-971D-285663A7ED6E}.Release|Any CPU.ActiveCfg = Release|Any CPU
		{7181F380-7009-465B-971D-285663A7ED6E}.Release|Any CPU.Build.0 = Release|Any CPU
	EndGlobalSection
	GlobalSection(SolutionProperties) = preSolution
		HideSolutionNode = FALSE
	EndGlobalSection
	GlobalSection(ExtensibilityGlobals) = postSolution
		SolutionGuid = {F9AA0AD9-E3CA-4E33-868A-CA1153A753B4}
	EndGlobalSection
EndGlobal
