
Microsoft Visual Studio Solution File, Format Version 11.00
# Visual Studio 2010
Project("{FAE04EC0-301F-11D3-BF4B-00C04F79EFBC}") = "Intermech.Interfaces.TechCard", "Intermech.Interfaces.TechCard.csproj", "{59E9A745-4DDB-41D6-924E-5C614D4653BE}"
EndProject
Global
	GlobalSection(SolutionConfigurationPlatforms) = preSolution
		Debug|Any CPU = Debug|Any CPU
		Release|Any CPU = Release|Any CPU
	EndGlobalSection
	GlobalSection(ProjectConfigurationPlatforms) = postSolution
		{59E9A745-4DDB-41D6-924E-5C614D4653BE}.Debug|Any CPU.ActiveCfg = Debug|Any CPU
		{59E9A745-4DDB-41D6-924E-5C614D4653BE}.Debug|Any CPU.Build.0 = Debug|Any CPU
		{59E9A745-4DDB-41D6-924E-5C614D4653BE}.Release|Any CPU.ActiveCfg = Release|Any CPU
		{59E9A745-4DDB-41D6-924E-5C614D4653BE}.Release|Any CPU.Build.0 = Release|Any CPU
	EndGlobalSection
	GlobalSection(SolutionProperties) = preSolution
		HideSolutionNode = FALSE
	EndGlobalSection
EndGlobal
